
Microsoft Visual Studio Solution File, Format Version 12.00
# Visual Studio 15
VisualStudioVersion = 15.0.28010.2050
MinimumVisualStudioVersion = 10.0.40219.1
Project("{FAE04EC0-301F-11D3-BF4B-00C04F79EFBC}") = "2DMineSweeper", "2DMineSweeper\2DMineSweeper.csproj", "{D442AB44-59B5-41B2-90A6-231CA741A68E}"
EndProject
Global
	GlobalSection(SolutionConfigurationPlatforms) = preSolution
		Debug|Any CPU = Debug|Any CPU
		Release|Any CPU = Release|Any CPU
	EndGlobalSection
	GlobalSection(ProjectConfigurationPlatforms) = postSolution
		{D442AB44-59B5-41B2-90A6-231CA741A68E}.Debug|Any CPU.ActiveCfg = Debug|Any CPU
		{D442AB44-59B5-41B2-90A6-231CA741A68E}.Debug|Any CPU.Build.0 = Debug|Any CPU
		{D442AB44-59B5-41B2-90A6-231CA741A68E}.Release|Any CPU.ActiveCfg = Release|Any CPU
		{D442AB44-59B5-41B2-90A6-231CA741A68E}.Release|Any CPU.Build.0 = Release|Any CPU
	EndGlobalSection
	GlobalSection(SolutionProperties) = preSolution
		HideSolutionNode = FALSE
	EndGlobalSection
	GlobalSection(ExtensibilityGlobals) = postSolution
		SolutionGuid = {FF1F182F-3E69-4541-80D1-4174DEE19498}
	EndGlobalSection
EndGlobal
